// !$*UTF8*$!
{
	archiveVersion = 1;
	classes = {
	};
	objectVersion = 50;
	objects = {

/* Begin PBXBuildFile section */
		BA8D1CF223C3553600CDF1DE /* TableViewController.swift in Sources */ = {isa = PBXBuildFile; fileRef = BA8D1CF123C3553600CDF1DE /* TableViewController.swift */; };
		BA8D1CF423C3652300CDF1DE /* TextInputTableViewCell.swift in Sources */ = {isa = PBXBuildFile; fileRef = BA8D1CF323C3652300CDF1DE /* TextInputTableViewCell.swift */; };
		BA8D1CF623C379B900CDF1DE /* Nutrition.swift in Sources */ = {isa = PBXBuildFile; fileRef = BA8D1CF523C379B900CDF1DE /* Nutrition.swift */; };
		BAF7F08423C0F62500AEAEA7 /* vegetables.json in Resources */ = {isa = PBXBuildFile; fileRef = BAF7F08323C0F62500AEAEA7 /* vegetables.json */; };
		BAF7F08623C0F63700AEAEA7 /* fruits.json in Resources */ = {isa = PBXBuildFile; fileRef = BAF7F08523C0F63700AEAEA7 /* fruits.json */; };
		BF004B2523BF522A006900C3 /* StoryBoardSegueIdentifier.swift in Sources */ = {isa = PBXBuildFile; fileRef = BF004B2423BF522A006900C3 /* StoryBoardSegueIdentifier.swift */; };
		BF0FD4BE23C79DD60042EE1D /* MonthNavigationViewController.swift in Sources */ = {isa = PBXBuildFile; fileRef = BF0FD4BD23C79DD60042EE1D /* MonthNavigationViewController.swift */; };
		BF1CB11A23A6E46100F8A5C9 /* AppDelegate.swift in Sources */ = {isa = PBXBuildFile; fileRef = BF1CB11923A6E46100F8A5C9 /* AppDelegate.swift */; };
		BF1CB11C23A6E46100F8A5C9 /* SceneDelegate.swift in Sources */ = {isa = PBXBuildFile; fileRef = BF1CB11B23A6E46100F8A5C9 /* SceneDelegate.swift */; };
		BF1CB11E23A6E46100F8A5C9 /* TodayPageViewController.swift in Sources */ = {isa = PBXBuildFile; fileRef = BF1CB11D23A6E46100F8A5C9 /* TodayPageViewController.swift */; };
		BF1CB12123A6E46100F8A5C9 /* Main.storyboard in Resources */ = {isa = PBXBuildFile; fileRef = BF1CB11F23A6E46100F8A5C9 /* Main.storyboard */; };
		BF1CB12323A6E46300F8A5C9 /* Assets.xcassets in Resources */ = {isa = PBXBuildFile; fileRef = BF1CB12223A6E46300F8A5C9 /* Assets.xcassets */; };
		BF1CB12623A6E46300F8A5C9 /* LaunchScreen.storyboard in Resources */ = {isa = PBXBuildFile; fileRef = BF1CB12423A6E46300F8A5C9 /* LaunchScreen.storyboard */; };
		BF47CBC723A6EA8200386A87 /* Food.swift in Sources */ = {isa = PBXBuildFile; fileRef = BF47CBC623A6EA8200386A87 /* Food.swift */; };
		BF47CBC923A6EAB100386A87 /* FoodType.swift in Sources */ = {isa = PBXBuildFile; fileRef = BF47CBC823A6EAB100386A87 /* FoodType.swift */; };
		BF47CBCB23A6EB0D00386A87 /* Month.swift in Sources */ = {isa = PBXBuildFile; fileRef = BF47CBCA23A6EB0D00386A87 /* Month.swift */; };
		BF47CBCF23A6EC0C00386A87 /* RegionType.swift in Sources */ = {isa = PBXBuildFile; fileRef = BF47CBCE23A6EC0C00386A87 /* RegionType.swift */; };
		BF47CBD123A6EC7C00386A87 /* Availability.swift in Sources */ = {isa = PBXBuildFile; fileRef = BF47CBD023A6EC7C00386A87 /* Availability.swift */; };
		BF47CBD323A6F5BB00386A87 /* BundleDecodable.swift in Sources */ = {isa = PBXBuildFile; fileRef = BF47CBD223A6F5BB00386A87 /* BundleDecodable.swift */; };
		BF50CBCC23A7E79B00980B2B /* regions.json in Resources */ = {isa = PBXBuildFile; fileRef = BF50CBCB23A7E79B00980B2B /* regions.json */; };
		BF50CBCE23A7E82A00980B2B /* Region.swift in Sources */ = {isa = PBXBuildFile; fileRef = BF50CBCD23A7E82A00980B2B /* Region.swift */; };
		BF7E5F0723A7CA4200F6D211 /* AnywhereViewController.swift in Sources */ = {isa = PBXBuildFile; fileRef = BF7E5F0623A7CA4200F6D211 /* AnywhereViewController.swift */; };
		BF7E5F0923A7CA6E00F6D211 /* SearchViewController.swift in Sources */ = {isa = PBXBuildFile; fileRef = BF7E5F0823A7CA6E00F6D211 /* SearchViewController.swift */; };
		BFAD619D23BD108F002E9274 /* MonthTableViewController.swift in Sources */ = {isa = PBXBuildFile; fileRef = BFAD619C23BD108F002E9274 /* MonthTableViewController.swift */; };
		BFB471D923BE92DC00DD8FDC /* TodayPageViewControllerDelegate.swift in Sources */ = {isa = PBXBuildFile; fileRef = BFB471D823BE92DC00DD8FDC /* TodayPageViewControllerDelegate.swift */; };
		BFB471DB23BE949900DD8FDC /* AvailabilityType.swift in Sources */ = {isa = PBXBuildFile; fileRef = BFB471DA23BE949900DD8FDC /* AvailabilityType.swift */; };
		BFB471DD23BEA2F300DD8FDC /* FoodItemViewController.swift in Sources */ = {isa = PBXBuildFile; fileRef = BFB471DC23BEA2F300DD8FDC /* FoodItemViewController.swift */; };
/* End PBXBuildFile section */

/* Begin PBXFileReference section */
		BA8D1CF123C3553600CDF1DE /* TableViewController.swift */ = {isa = PBXFileReference; lastKnownFileType = sourcecode.swift; path = TableViewController.swift; sourceTree = "<group>"; };
		BA8D1CF323C3652300CDF1DE /* TextInputTableViewCell.swift */ = {isa = PBXFileReference; lastKnownFileType = sourcecode.swift; path = TextInputTableViewCell.swift; sourceTree = "<group>"; };
		BA8D1CF523C379B900CDF1DE /* Nutrition.swift */ = {isa = PBXFileReference; lastKnownFileType = sourcecode.swift; path = Nutrition.swift; sourceTree = "<group>"; };
		BAF7F08323C0F62500AEAEA7 /* vegetables.json */ = {isa = PBXFileReference; lastKnownFileType = text.json; path = vegetables.json; sourceTree = "<group>"; };
		BAF7F08523C0F63700AEAEA7 /* fruits.json */ = {isa = PBXFileReference; lastKnownFileType = text.json; path = fruits.json; sourceTree = "<group>"; };
		BF004B2423BF522A006900C3 /* StoryBoardSegueIdentifier.swift */ = {isa = PBXFileReference; lastKnownFileType = sourcecode.swift; path = StoryBoardSegueIdentifier.swift; sourceTree = "<group>"; };
		BF0FD4BD23C79DD60042EE1D /* MonthNavigationViewController.swift */ = {isa = PBXFileReference; lastKnownFileType = sourcecode.swift; path = MonthNavigationViewController.swift; sourceTree = "<group>"; };
		BF1CB11623A6E46100F8A5C9 /* twelve-months.app */ = {isa = PBXFileReference; explicitFileType = wrapper.application; includeInIndex = 0; path = "twelve-months.app"; sourceTree = BUILT_PRODUCTS_DIR; };
		BF1CB11923A6E46100F8A5C9 /* AppDelegate.swift */ = {isa = PBXFileReference; lastKnownFileType = sourcecode.swift; path = AppDelegate.swift; sourceTree = "<group>"; };
		BF1CB11B23A6E46100F8A5C9 /* SceneDelegate.swift */ = {isa = PBXFileReference; lastKnownFileType = sourcecode.swift; path = SceneDelegate.swift; sourceTree = "<group>"; };
		BF1CB11D23A6E46100F8A5C9 /* TodayPageViewController.swift */ = {isa = PBXFileReference; lastKnownFileType = sourcecode.swift; path = TodayPageViewController.swift; sourceTree = "<group>"; };
		BF1CB12023A6E46100F8A5C9 /* Base */ = {isa = PBXFileReference; lastKnownFileType = file.storyboard; name = Base; path = Base.lproj/Main.storyboard; sourceTree = "<group>"; };
		BF1CB12223A6E46300F8A5C9 /* Assets.xcassets */ = {isa = PBXFileReference; lastKnownFileType = folder.assetcatalog; path = Assets.xcassets; sourceTree = "<group>"; };
		BF1CB12523A6E46300F8A5C9 /* Base */ = {isa = PBXFileReference; lastKnownFileType = file.storyboard; name = Base; path = Base.lproj/LaunchScreen.storyboard; sourceTree = "<group>"; };
		BF1CB12723A6E46300F8A5C9 /* Info.plist */ = {isa = PBXFileReference; lastKnownFileType = text.plist.xml; path = Info.plist; sourceTree = "<group>"; };
		BF47CBC623A6EA8200386A87 /* Food.swift */ = {isa = PBXFileReference; lastKnownFileType = sourcecode.swift; path = Food.swift; sourceTree = "<group>"; };
		BF47CBC823A6EAB100386A87 /* FoodType.swift */ = {isa = PBXFileReference; lastKnownFileType = sourcecode.swift; path = FoodType.swift; sourceTree = "<group>"; };
		BF47CBCA23A6EB0D00386A87 /* Month.swift */ = {isa = PBXFileReference; lastKnownFileType = sourcecode.swift; path = Month.swift; sourceTree = "<group>"; };
		BF47CBCE23A6EC0C00386A87 /* RegionType.swift */ = {isa = PBXFileReference; lastKnownFileType = sourcecode.swift; path = RegionType.swift; sourceTree = "<group>"; };
		BF47CBD023A6EC7C00386A87 /* Availability.swift */ = {isa = PBXFileReference; lastKnownFileType = sourcecode.swift; path = Availability.swift; sourceTree = "<group>"; };
		BF47CBD223A6F5BB00386A87 /* BundleDecodable.swift */ = {isa = PBXFileReference; lastKnownFileType = sourcecode.swift; path = BundleDecodable.swift; sourceTree = "<group>"; };
		BF50CBCB23A7E79B00980B2B /* regions.json */ = {isa = PBXFileReference; lastKnownFileType = text.json; path = regions.json; sourceTree = "<group>"; };
		BF50CBCD23A7E82A00980B2B /* Region.swift */ = {isa = PBXFileReference; lastKnownFileType = sourcecode.swift; path = Region.swift; sourceTree = "<group>"; };
		BF7E5F0623A7CA4200F6D211 /* AnywhereViewController.swift */ = {isa = PBXFileReference; lastKnownFileType = sourcecode.swift; path = AnywhereViewController.swift; sourceTree = "<group>"; };
		BF7E5F0823A7CA6E00F6D211 /* SearchViewController.swift */ = {isa = PBXFileReference; lastKnownFileType = sourcecode.swift; path = SearchViewController.swift; sourceTree = "<group>"; };
		BFAD619C23BD108F002E9274 /* MonthTableViewController.swift */ = {isa = PBXFileReference; lastKnownFileType = sourcecode.swift; path = MonthTableViewController.swift; sourceTree = "<group>"; };
		BFB471D823BE92DC00DD8FDC /* TodayPageViewControllerDelegate.swift */ = {isa = PBXFileReference; lastKnownFileType = sourcecode.swift; path = TodayPageViewControllerDelegate.swift; sourceTree = "<group>"; };
		BFB471DA23BE949900DD8FDC /* AvailabilityType.swift */ = {isa = PBXFileReference; lastKnownFileType = sourcecode.swift; path = AvailabilityType.swift; sourceTree = "<group>"; };
		BFB471DC23BEA2F300DD8FDC /* FoodItemViewController.swift */ = {isa = PBXFileReference; lastKnownFileType = sourcecode.swift; path = FoodItemViewController.swift; sourceTree = "<group>"; };
/* End PBXFileReference section */

/* Begin PBXFrameworksBuildPhase section */
		BF1CB11323A6E46100F8A5C9 /* Frameworks */ = {
			isa = PBXFrameworksBuildPhase;
			buildActionMask = 2147483647;
			files = (
			);
			runOnlyForDeploymentPostprocessing = 0;
		};
/* End PBXFrameworksBuildPhase section */

/* Begin PBXGroup section */
		BA8D1CF023C3551200CDF1DE /* ProfileControllers */ = {
			isa = PBXGroup;
			children = (
				BA8D1CF123C3553600CDF1DE /* TableViewController.swift */,
				BA8D1CF323C3652300CDF1DE /* TextInputTableViewCell.swift */,
			);
			path = ProfileControllers;
			sourceTree = "<group>";
		};
		BF1CB10D23A6E46100F8A5C9 = {
			isa = PBXGroup;
			children = (
				BF1CB11823A6E46100F8A5C9 /* twelve-months */,
				BF1CB11723A6E46100F8A5C9 /* Products */,
			);
			sourceTree = "<group>";
		};
		BF1CB11723A6E46100F8A5C9 /* Products */ = {
			isa = PBXGroup;
			children = (
				BF1CB11623A6E46100F8A5C9 /* twelve-months.app */,
			);
			name = Products;
			sourceTree = "<group>";
		};
		BF1CB11823A6E46100F8A5C9 /* twelve-months */ = {
			isa = PBXGroup;
			children = (
				BF3F781423BD282F00A8DE6B /* Delegates */,
				BF7E5F0A23A7CA7500F6D211 /* ViewControllers */,
				BF7E5F0B23A7CA8600F6D211 /* Extensions */,
				BF47CBCD23A6EBDC00386A87 /* Types */,
				BF2A600723A6FAB2009A6F8F /* Enumerations */,
				BF47CBC523A6E64200386A87 /* Resources */,
				BF1CB11923A6E46100F8A5C9 /* AppDelegate.swift */,
				BF1CB11B23A6E46100F8A5C9 /* SceneDelegate.swift */,
				BF1CB11F23A6E46100F8A5C9 /* Main.storyboard */,
				BF1CB12423A6E46300F8A5C9 /* LaunchScreen.storyboard */,
				BF1CB12223A6E46300F8A5C9 /* Assets.xcassets */,
				BF1CB12723A6E46300F8A5C9 /* Info.plist */,
			);
			path = "twelve-months";
			sourceTree = "<group>";
		};
		BF2A600723A6FAB2009A6F8F /* Enumerations */ = {
			isa = PBXGroup;
			children = (
				BFB471DA23BE949900DD8FDC /* AvailabilityType.swift */,
				BF47CBC823A6EAB100386A87 /* FoodType.swift */,
				BF47CBCA23A6EB0D00386A87 /* Month.swift */,
				BF47CBCE23A6EC0C00386A87 /* RegionType.swift */,
				BF004B2423BF522A006900C3 /* StoryBoardSegueIdentifier.swift */,
			);
			path = Enumerations;
			sourceTree = "<group>";
		};
		BF3F781423BD282F00A8DE6B /* Delegates */ = {
			isa = PBXGroup;
			children = (
				BFB471D823BE92DC00DD8FDC /* TodayPageViewControllerDelegate.swift */,
			);
			path = Delegates;
			sourceTree = "<group>";
		};
		BF47CBC523A6E64200386A87 /* Resources */ = {
			isa = PBXGroup;
			children = (
				BF50CBCB23A7E79B00980B2B /* regions.json */,
				BAF7F08323C0F62500AEAEA7 /* vegetables.json */,
				BAF7F08523C0F63700AEAEA7 /* fruits.json */,
			);
			path = Resources;
			sourceTree = "<group>";
		};
		BF47CBCD23A6EBDC00386A87 /* Types */ = {
			isa = PBXGroup;
			children = (
				BF47CBC623A6EA8200386A87 /* Food.swift */,
				BF47CBD023A6EC7C00386A87 /* Availability.swift */,
				BF50CBCD23A7E82A00980B2B /* Region.swift */,
				BA8D1CF523C379B900CDF1DE /* Nutrition.swift */,
			);
			path = Types;
			sourceTree = "<group>";
		};
		BF7E5F0A23A7CA7500F6D211 /* ViewControllers */ = {
			isa = PBXGroup;
			children = (
				BA8D1CF023C3551200CDF1DE /* ProfileControllers */,
				BFB471DC23BEA2F300DD8FDC /* FoodItemViewController.swift */,
				BFAD619C23BD108F002E9274 /* MonthTableViewController.swift */,
				BF1CB11D23A6E46100F8A5C9 /* TodayPageViewController.swift */,
				BF7E5F0623A7CA4200F6D211 /* AnywhereViewController.swift */,
				BF7E5F0823A7CA6E00F6D211 /* SearchViewController.swift */,
				BF0FD4BD23C79DD60042EE1D /* MonthNavigationViewController.swift */,
			);
			path = ViewControllers;
			sourceTree = "<group>";
		};
		BF7E5F0B23A7CA8600F6D211 /* Extensions */ = {
			isa = PBXGroup;
			children = (
				BF47CBD223A6F5BB00386A87 /* BundleDecodable.swift */,
			);
			path = Extensions;
			sourceTree = "<group>";
		};
/* End PBXGroup section */

/* Begin PBXNativeTarget section */
		BF1CB11523A6E46100F8A5C9 /* twelve-months */ = {
			isa = PBXNativeTarget;
			buildConfigurationList = BF1CB12A23A6E46300F8A5C9 /* Build configuration list for PBXNativeTarget "twelve-months" */;
			buildPhases = (
				BF1CB11223A6E46100F8A5C9 /* Sources */,
				BF1CB11323A6E46100F8A5C9 /* Frameworks */,
				BF1CB11423A6E46100F8A5C9 /* Resources */,
			);
			buildRules = (
			);
			dependencies = (
			);
			name = "twelve-months";
			productName = "twelve-months";
			productReference = BF1CB11623A6E46100F8A5C9 /* twelve-months.app */;
			productType = "com.apple.product-type.application";
		};
/* End PBXNativeTarget section */

/* Begin PBXProject section */
		BF1CB10E23A6E46100F8A5C9 /* Project object */ = {
			isa = PBXProject;
			attributes = {
				LastSwiftUpdateCheck = 1120;
				LastUpgradeCheck = 1120;
				ORGANIZATIONNAME = "Anton Quietzsch";
				TargetAttributes = {
					BF1CB11523A6E46100F8A5C9 = {
						CreatedOnToolsVersion = 11.2;
					};
				};
			};
			buildConfigurationList = BF1CB11123A6E46100F8A5C9 /* Build configuration list for PBXProject "twelve-months" */;
			compatibilityVersion = "Xcode 9.3";
			developmentRegion = en;
			hasScannedForEncodings = 0;
			knownRegions = (
				en,
				Base,
			);
			mainGroup = BF1CB10D23A6E46100F8A5C9;
			productRefGroup = BF1CB11723A6E46100F8A5C9 /* Products */;
			projectDirPath = "";
			projectRoot = "";
			targets = (
				BF1CB11523A6E46100F8A5C9 /* twelve-months */,
			);
		};
/* End PBXProject section */

/* Begin PBXResourcesBuildPhase section */
		BF1CB11423A6E46100F8A5C9 /* Resources */ = {
			isa = PBXResourcesBuildPhase;
			buildActionMask = 2147483647;
			files = (
				BF1CB12623A6E46300F8A5C9 /* LaunchScreen.storyboard in Resources */,
				BAF7F08423C0F62500AEAEA7 /* vegetables.json in Resources */,
				BAF7F08623C0F63700AEAEA7 /* fruits.json in Resources */,
				BF1CB12323A6E46300F8A5C9 /* Assets.xcassets in Resources */,
				BF1CB12123A6E46100F8A5C9 /* Main.storyboard in Resources */,
				BF50CBCC23A7E79B00980B2B /* regions.json in Resources */,
			);
			runOnlyForDeploymentPostprocessing = 0;
		};
/* End PBXResourcesBuildPhase section */

/* Begin PBXSourcesBuildPhase section */
		BF1CB11223A6E46100F8A5C9 /* Sources */ = {
			isa = PBXSourcesBuildPhase;
			buildActionMask = 2147483647;
			files = (
				BF47CBD323A6F5BB00386A87 /* BundleDecodable.swift in Sources */,
				BA8D1CF223C3553600CDF1DE /* TableViewController.swift in Sources */,
				BA8D1CF623C379B900CDF1DE /* Nutrition.swift in Sources */,
				BF7E5F0923A7CA6E00F6D211 /* SearchViewController.swift in Sources */,
				BFB471D923BE92DC00DD8FDC /* TodayPageViewControllerDelegate.swift in Sources */,
				BFAD619D23BD108F002E9274 /* MonthTableViewController.swift in Sources */,
				BF47CBD123A6EC7C00386A87 /* Availability.swift in Sources */,
				BF1CB11E23A6E46100F8A5C9 /* TodayPageViewController.swift in Sources */,
				BF50CBCE23A7E82A00980B2B /* Region.swift in Sources */,
				BF47CBC723A6EA8200386A87 /* Food.swift in Sources */,
				BF004B2523BF522A006900C3 /* StoryBoardSegueIdentifier.swift in Sources */,
				BFB471DB23BE949900DD8FDC /* AvailabilityType.swift in Sources */,
				BF1CB11A23A6E46100F8A5C9 /* AppDelegate.swift in Sources */,
				BF0FD4BE23C79DD60042EE1D /* MonthNavigationViewController.swift in Sources */,
				BF1CB11C23A6E46100F8A5C9 /* SceneDelegate.swift in Sources */,
				BF47CBCF23A6EC0C00386A87 /* RegionType.swift in Sources */,
				BA8D1CF423C3652300CDF1DE /* TextInputTableViewCell.swift in Sources */,
				BF7E5F0723A7CA4200F6D211 /* AnywhereViewController.swift in Sources */,
				BFB471DD23BEA2F300DD8FDC /* FoodItemViewController.swift in Sources */,
				BF47CBCB23A6EB0D00386A87 /* Month.swift in Sources */,
				BF47CBC923A6EAB100386A87 /* FoodType.swift in Sources */,
			);
			runOnlyForDeploymentPostprocessing = 0;
		};
/* End PBXSourcesBuildPhase section */

/* Begin PBXVariantGroup section */
		BF1CB11F23A6E46100F8A5C9 /* Main.storyboard */ = {
			isa = PBXVariantGroup;
			children = (
				BF1CB12023A6E46100F8A5C9 /* Base */,
			);
			name = Main.storyboard;
			sourceTree = "<group>";
		};
		BF1CB12423A6E46300F8A5C9 /* LaunchScreen.storyboard */ = {
			isa = PBXVariantGroup;
			children = (
				BF1CB12523A6E46300F8A5C9 /* Base */,
			);
			name = LaunchScreen.storyboard;
			sourceTree = "<group>";
		};
/* End PBXVariantGroup section */

/* Begin XCBuildConfiguration section */
		BF1CB12823A6E46300F8A5C9 /* Debug */ = {
			isa = XCBuildConfiguration;
			buildSettings = {
				ALWAYS_SEARCH_USER_PATHS = NO;
				CLANG_ANALYZER_NONNULL = YES;
				CLANG_ANALYZER_NUMBER_OBJECT_CONVERSION = YES_AGGRESSIVE;
				CLANG_CXX_LANGUAGE_STANDARD = "gnu++14";
				CLANG_CXX_LIBRARY = "libc++";
				CLANG_ENABLE_MODULES = YES;
				CLANG_ENABLE_OBJC_ARC = YES;
				CLANG_ENABLE_OBJC_WEAK = YES;
				CLANG_WARN_BLOCK_CAPTURE_AUTORELEASING = YES;
				CLANG_WARN_BOOL_CONVERSION = YES;
				CLANG_WARN_COMMA = YES;
				CLANG_WARN_CONSTANT_CONVERSION = YES;
				CLANG_WARN_DEPRECATED_OBJC_IMPLEMENTATIONS = YES;
				CLANG_WARN_DIRECT_OBJC_ISA_USAGE = YES_ERROR;
				CLANG_WARN_DOCUMENTATION_COMMENTS = YES;
				CLANG_WARN_EMPTY_BODY = YES;
				CLANG_WARN_ENUM_CONVERSION = YES;
				CLANG_WARN_INFINITE_RECURSION = YES;
				CLANG_WARN_INT_CONVERSION = YES;
				CLANG_WARN_NON_LITERAL_NULL_CONVERSION = YES;
				CLANG_WARN_OBJC_IMPLICIT_RETAIN_SELF = YES;
				CLANG_WARN_OBJC_LITERAL_CONVERSION = YES;
				CLANG_WARN_OBJC_ROOT_CLASS = YES_ERROR;
				CLANG_WARN_RANGE_LOOP_ANALYSIS = YES;
				CLANG_WARN_STRICT_PROTOTYPES = YES;
				CLANG_WARN_SUSPICIOUS_MOVE = YES;
				CLANG_WARN_UNGUARDED_AVAILABILITY = YES_AGGRESSIVE;
				CLANG_WARN_UNREACHABLE_CODE = YES;
				CLANG_WARN__DUPLICATE_METHOD_MATCH = YES;
				COPY_PHASE_STRIP = NO;
				DEBUG_INFORMATION_FORMAT = dwarf;
				ENABLE_STRICT_OBJC_MSGSEND = YES;
				ENABLE_TESTABILITY = YES;
				GCC_C_LANGUAGE_STANDARD = gnu11;
				GCC_DYNAMIC_NO_PIC = NO;
				GCC_NO_COMMON_BLOCKS = YES;
				GCC_OPTIMIZATION_LEVEL = 0;
				GCC_PREPROCESSOR_DEFINITIONS = (
					"DEBUG=1",
					"$(inherited)",
				);
				GCC_WARN_64_TO_32_BIT_CONVERSION = YES;
				GCC_WARN_ABOUT_RETURN_TYPE = YES_ERROR;
				GCC_WARN_UNDECLARED_SELECTOR = YES;
				GCC_WARN_UNINITIALIZED_AUTOS = YES_AGGRESSIVE;
				GCC_WARN_UNUSED_FUNCTION = YES;
				GCC_WARN_UNUSED_VARIABLE = YES;
				IPHONEOS_DEPLOYMENT_TARGET = 13.2;
				MTL_ENABLE_DEBUG_INFO = INCLUDE_SOURCE;
				MTL_FAST_MATH = YES;
				ONLY_ACTIVE_ARCH = YES;
				SDKROOT = iphoneos;
				SWIFT_ACTIVE_COMPILATION_CONDITIONS = DEBUG;
				SWIFT_OPTIMIZATION_LEVEL = "-Onone";
			};
			name = Debug;
		};
		BF1CB12923A6E46300F8A5C9 /* Release */ = {
			isa = XCBuildConfiguration;
			buildSettings = {
				ALWAYS_SEARCH_USER_PATHS = NO;
				CLANG_ANALYZER_NONNULL = YES;
				CLANG_ANALYZER_NUMBER_OBJECT_CONVERSION = YES_AGGRESSIVE;
				CLANG_CXX_LANGUAGE_STANDARD = "gnu++14";
				CLANG_CXX_LIBRARY = "libc++";
				CLANG_ENABLE_MODULES = YES;
				CLANG_ENABLE_OBJC_ARC = YES;
				CLANG_ENABLE_OBJC_WEAK = YES;
				CLANG_WARN_BLOCK_CAPTURE_AUTORELEASING = YES;
				CLANG_WARN_BOOL_CONVERSION = YES;
				CLANG_WARN_COMMA = YES;
				CLANG_WARN_CONSTANT_CONVERSION = YES;
				CLANG_WARN_DEPRECATED_OBJC_IMPLEMENTATIONS = YES;
				CLANG_WARN_DIRECT_OBJC_ISA_USAGE = YES_ERROR;
				CLANG_WARN_DOCUMENTATION_COMMENTS = YES;
				CLANG_WARN_EMPTY_BODY = YES;
				CLANG_WARN_ENUM_CONVERSION = YES;
				CLANG_WARN_INFINITE_RECURSION = YES;
				CLANG_WARN_INT_CONVERSION = YES;
				CLANG_WARN_NON_LITERAL_NULL_CONVERSION = YES;
				CLANG_WARN_OBJC_IMPLICIT_RETAIN_SELF = YES;
				CLANG_WARN_OBJC_LITERAL_CONVERSION = YES;
				CLANG_WARN_OBJC_ROOT_CLASS = YES_ERROR;
				CLANG_WARN_RANGE_LOOP_ANALYSIS = YES;
				CLANG_WARN_STRICT_PROTOTYPES = YES;
				CLANG_WARN_SUSPICIOUS_MOVE = YES;
				CLANG_WARN_UNGUARDED_AVAILABILITY = YES_AGGRESSIVE;
				CLANG_WARN_UNREACHABLE_CODE = YES;
				CLANG_WARN__DUPLICATE_METHOD_MATCH = YES;
				COPY_PHASE_STRIP = NO;
				DEBUG_INFORMATION_FORMAT = "dwarf-with-dsym";
				ENABLE_NS_ASSERTIONS = NO;
				ENABLE_STRICT_OBJC_MSGSEND = YES;
				GCC_C_LANGUAGE_STANDARD = gnu11;
				GCC_NO_COMMON_BLOCKS = YES;
				GCC_WARN_64_TO_32_BIT_CONVERSION = YES;
				GCC_WARN_ABOUT_RETURN_TYPE = YES_ERROR;
				GCC_WARN_UNDECLARED_SELECTOR = YES;
				GCC_WARN_UNINITIALIZED_AUTOS = YES_AGGRESSIVE;
				GCC_WARN_UNUSED_FUNCTION = YES;
				GCC_WARN_UNUSED_VARIABLE = YES;
				IPHONEOS_DEPLOYMENT_TARGET = 13.2;
				MTL_ENABLE_DEBUG_INFO = NO;
				MTL_FAST_MATH = YES;
				SDKROOT = iphoneos;
				SWIFT_COMPILATION_MODE = wholemodule;
				SWIFT_OPTIMIZATION_LEVEL = "-O";
				VALIDATE_PRODUCT = YES;
			};
			name = Release;
		};
		BF1CB12B23A6E46300F8A5C9 /* Debug */ = {
			isa = XCBuildConfiguration;
			buildSettings = {
				ASSETCATALOG_COMPILER_APPICON_NAME = AppIcon;
				CODE_SIGN_STYLE = Automatic;
				DEVELOPMENT_TEAM = ZGXK69528C;
				INFOPLIST_FILE = "twelve-months/Info.plist";
				LD_RUNPATH_SEARCH_PATHS = (
					"$(inherited)",
					"@executable_path/Frameworks",
				);
				PRODUCT_BUNDLE_IDENTIFIER = "antoniusapps.twelve-months";
				PRODUCT_NAME = "$(TARGET_NAME)";
				SWIFT_VERSION = 5.0;
				TARGETED_DEVICE_FAMILY = "1,2";
			};
			name = Debug;
		};
		BF1CB12C23A6E46300F8A5C9 /* Release */ = {
			isa = XCBuildConfiguration;
			buildSettings = {
				ASSETCATALOG_COMPILER_APPICON_NAME = AppIcon;
				CODE_SIGN_STYLE = Automatic;
				DEVELOPMENT_TEAM = ZGXK69528C;
				INFOPLIST_FILE = "twelve-months/Info.plist";
				LD_RUNPATH_SEARCH_PATHS = (
					"$(inherited)",
					"@executable_path/Frameworks",
				);
				PRODUCT_BUNDLE_IDENTIFIER = "antoniusapps.twelve-months";
				PRODUCT_NAME = "$(TARGET_NAME)";
				SWIFT_VERSION = 5.0;
				TARGETED_DEVICE_FAMILY = "1,2";
			};
			name = Release;
		};
/* End XCBuildConfiguration section */

/* Begin XCConfigurationList section */
		BF1CB11123A6E46100F8A5C9 /* Build configuration list for PBXProject "twelve-months" */ = {
			isa = XCConfigurationList;
			buildConfigurations = (
				BF1CB12823A6E46300F8A5C9 /* Debug */,
				BF1CB12923A6E46300F8A5C9 /* Release */,
			);
			defaultConfigurationIsVisible = 0;
			defaultConfigurationName = Release;
		};
		BF1CB12A23A6E46300F8A5C9 /* Build configuration list for PBXNativeTarget "twelve-months" */ = {
			isa = XCConfigurationList;
			buildConfigurations = (
				BF1CB12B23A6E46300F8A5C9 /* Debug */,
				BF1CB12C23A6E46300F8A5C9 /* Release */,
			);
			defaultConfigurationIsVisible = 0;
			defaultConfigurationName = Release;
		};
/* End XCConfigurationList section */
	};
	rootObject = BF1CB10E23A6E46100F8A5C9 /* Project object */;
}
